{
    "name": "@gitwho/darwin-arm64",
    "version": "0.0.1",
    "lockfileVersion": 2,
    "requires": true,
    "packages": {
        "": {
            "name": "@gitwho/darwin-arm64",
            "version": "0.0.1",
            "cpu": [
                "arm64"
            ],
            "license": "MIT",
            "os": [
                "darwin"
            ],
            "bin": {
                "gitwho": "dist/gitwho"
            },
            "engines": {
                "node": ">=12"
            }
        }
    }
}
