{
    "name": "gitwho",
    "version": "0.0.1",
    "lockfileVersion": 2,
    "requires": true,
    "packages": {
        "": {
            "name": "gitwho",
            "version": "0.0.1",
            "hasInstallScript": true,
            "license": "MIT",
            "bin": {
                "gitwho": "dist/gitwho"
            },
            "optionalDependencies": {
                "@gitwho/darwin-amd64": "VERSION",
                "@gitwho/darwin-arm64": "0.0.1",
                "@gitwho/linux-amd64": "VERSION",
                "@gitwho/linux-arm64": "VERSION",
                "@gitwho/windows-amd64": "VERSION"
            }
        },
        "node_modules/@gitwho/darwin-arm64": {
            "version": "0.0.1",
            "resolved": "https://registry.npmjs.org/@gitwho/darwin-arm64/-/darwin-arm64-0.0.1.tgz",
            "integrity": "sha512-nwpqNa+hDsiJIj+PKMhSzCJ2RZfQCnq1USX6NKFnKFGoLNDuTcdms4OOh/GBNOyKIMDwqGCT/uhrXjlrhN72Nw==",
            "cpu": [
                "arm64"
            ],
            "optional": true,
            "os": [
                "darwin"
            ],
            "bin": {
                "darwin-arm64": "dist/gitwho"
            },
            "engines": {
                "node": ">=12"
            }
        }
    },
    "dependencies": {
        "@gitwho/darwin-arm64": {
            "version": "0.0.1",
            "resolved": "https://registry.npmjs.org/@gitwho/darwin-arm64/-/darwin-arm64-0.0.1.tgz",
            "integrity": "sha512-nwpqNa+hDsiJIj+PKMhSzCJ2RZfQCnq1USX6NKFnKFGoLNDuTcdms4OOh/GBNOyKIMDwqGCT/uhrXjlrhN72Nw==",
            "optional": true
        }
    }
}
