{
    "name": "dev-workspace",
    "lockfileVersion": 2,
    "requires": true,
    "packages": {
        "": {
            "name": "dev-workspace",
            "workspaces": [
                "@gitwho/darwin-arm64",
                "gitwho"
            ]
        },
        "@gitwho/darwin-arm64": {
            "version": "0.0.1",
            "cpu": [
                "arm64"
            ],
            "license": "MIT",
            "os": [
                "darwin"
            ],
            "bin": {
                "gitwho": "dist/gitwho"
            },
            "engines": {
                "node": ">=12"
            }
        },
        "gitwho": {
            "version": "0.0.7",
            "license": "MIT",
            "optionalDependencies": {
                "@gitwho/darwin-amd64": "VERSION",
                "@gitwho/darwin-arm64": "VERSION",
                "@gitwho/linux-amd64": "VERSION",
                "@gitwho/linux-arm64": "VERSION",
                "@gitwho/windows-amd64": "VERSION"
            }
        },
        "node_modules/@gitwho/darwin-arm64": {
            "resolved": "@gitwho/darwin-arm64",
            "link": true
        },
        "node_modules/gitwho": {
            "resolved": "gitwho",
            "link": true
        }
    },
    "dependencies": {
        "@gitwho/darwin-arm64": {
            "version": "file:@gitwho/darwin-arm64"
        },
        "gitwho": {
            "version": "file:gitwho",
            "requires": {
                "@gitwho/darwin-amd64": "VERSION",
                "@gitwho/darwin-arm64": "VERSION",
                "@gitwho/linux-amd64": "VERSION",
                "@gitwho/linux-arm64": "VERSION",
                "@gitwho/windows-amd64": "VERSION"
            }
        }
    }
}
